
Microsoft Visual Studio Solution File, Format Version 12.00
# Visual Studio 14
VisualStudioVersion = 14.0.25420.1
MinimumVisualStudioVersion = 10.0.40219.1
Project("{FAE04EC0-301F-11D3-BF4B-00C04F79EFBC}") = "CalculatorMathLibraryTest", "CalculatorMathLibraryTest\CalculatorMathLibraryTest.csproj", "{EE23DFB4-4713-4032-BF9F-E66D5AC09709}"
EndProject
Global
	GlobalSection(SolutionConfigurationPlatforms) = preSolution
		Debug|Any CPU = Debug|Any CPU
		Release|Any CPU = Release|Any CPU
	EndGlobalSection
	GlobalSection(ProjectConfigurationPlatforms) = postSolution
		{EE23DFB4-4713-4032-BF9F-E66D5AC09709}.Debug|Any CPU.ActiveCfg = Debug|Any CPU
		{EE23DFB4-4713-4032-BF9F-E66D5AC09709}.Debug|Any CPU.Build.0 = Debug|Any CPU
		{EE23DFB4-4713-4032-BF9F-E66D5AC09709}.Release|Any CPU.ActiveCfg = Release|Any CPU
		{EE23DFB4-4713-4032-BF9F-E66D5AC09709}.Release|Any CPU.Build.0 = Release|Any CPU
	EndGlobalSection
	GlobalSection(SolutionProperties) = preSolution
		HideSolutionNode = FALSE
	EndGlobalSection
EndGlobal
