
Microsoft Visual Studio Solution File, Format Version 12.00
# Visual Studio 14
VisualStudioVersion = 14.0.25420.1
MinimumVisualStudioVersion = 10.0.40219.1
Project("{FAE04EC0-301F-11D3-BF4B-00C04F79EFBC}") = "CalculatorIVS", "CalculatorIVS\CalculatorIVS.csproj", "{A6B703B2-F9E3-4774-8B14-AC4DFE5249B7}"
EndProject
Project("{FAE04EC0-301F-11D3-BF4B-00C04F79EFBC}") = "OurMathLib", "OurMathLib\OurMathLib.csproj", "{236743A7-8D04-4369-AEDA-40CC3B825B55}"
EndProject
Project("{FAE04EC0-301F-11D3-BF4B-00C04F79EFBC}") = "CalculatorMathLibraryTest", "..\CalculatorMathLibraryTest\CalculatorMathLibraryTest\CalculatorMathLibraryTest.csproj", "{EE23DFB4-4713-4032-BF9F-E66D5AC09709}"
EndProject
Project("{FAE04EC0-301F-11D3-BF4B-00C04F79EFBC}") = "Profiling", "Profiling\Profiling.csproj", "{659B83F5-1336-4666-AA03-2F7B58FCAC0A}"
	ProjectSection(ProjectDependencies) = postProject
		{236743A7-8D04-4369-AEDA-40CC3B825B55} = {236743A7-8D04-4369-AEDA-40CC3B825B55}
	EndProjectSection
EndProject
Global
	GlobalSection(SolutionConfigurationPlatforms) = preSolution
		Debug|Any CPU = Debug|Any CPU
		Release|Any CPU = Release|Any CPU
	EndGlobalSection
	GlobalSection(ProjectConfigurationPlatforms) = postSolution
		{A6B703B2-F9E3-4774-8B14-AC4DFE5249B7}.Debug|Any CPU.ActiveCfg = Debug|Any CPU
		{A6B703B2-F9E3-4774-8B14-AC4DFE5249B7}.Debug|Any CPU.Build.0 = Debug|Any CPU
		{A6B703B2-F9E3-4774-8B14-AC4DFE5249B7}.Release|Any CPU.ActiveCfg = Release|Any CPU
		{A6B703B2-F9E3-4774-8B14-AC4DFE5249B7}.Release|Any CPU.Build.0 = Release|Any CPU
		{236743A7-8D04-4369-AEDA-40CC3B825B55}.Debug|Any CPU.ActiveCfg = Debug|Any CPU
		{236743A7-8D04-4369-AEDA-40CC3B825B55}.Debug|Any CPU.Build.0 = Debug|Any CPU
		{236743A7-8D04-4369-AEDA-40CC3B825B55}.Release|Any CPU.ActiveCfg = Release|Any CPU
		{236743A7-8D04-4369-AEDA-40CC3B825B55}.Release|Any CPU.Build.0 = Release|Any CPU
		{EE23DFB4-4713-4032-BF9F-E66D5AC09709}.Debug|Any CPU.ActiveCfg = Debug|Any CPU
		{EE23DFB4-4713-4032-BF9F-E66D5AC09709}.Debug|Any CPU.Build.0 = Debug|Any CPU
		{EE23DFB4-4713-4032-BF9F-E66D5AC09709}.Release|Any CPU.ActiveCfg = Release|Any CPU
		{EE23DFB4-4713-4032-BF9F-E66D5AC09709}.Release|Any CPU.Build.0 = Release|Any CPU
		{659B83F5-1336-4666-AA03-2F7B58FCAC0A}.Debug|Any CPU.ActiveCfg = Debug|Any CPU
		{659B83F5-1336-4666-AA03-2F7B58FCAC0A}.Debug|Any CPU.Build.0 = Debug|Any CPU
		{659B83F5-1336-4666-AA03-2F7B58FCAC0A}.Release|Any CPU.ActiveCfg = Release|Any CPU
		{659B83F5-1336-4666-AA03-2F7B58FCAC0A}.Release|Any CPU.Build.0 = Release|Any CPU
	EndGlobalSection
	GlobalSection(SolutionProperties) = preSolution
		HideSolutionNode = FALSE
	EndGlobalSection
EndGlobal
